<?xml version="1.0" encoding="utf-8"?>
<Project ToolsVersion="4.0" xmlns="http://schemas.microsoft.com/developer/msbuild/2003">
  <ItemGroup>
    <Filter Include="Source Files">
      <UniqueIdentifier>{4FC737F1-C7A5-4376-A066-2A32D752A2FF}</UniqueIdentifier>
      <Extensions>cpp;c;cc;cxx;def;odl;idl;hpj;bat;asm;asmx</Extensions>
    </Filter>
    <Filter Include="Source Files\bignum">
      <UniqueIdentifier>{6748d2e9-cbfd-4aeb-944e-8387c216af45}</UniqueIdentifier>
    </Filter>
    <Filter Include="Source Files\jhlib">
      <UniqueIdentifier>{83d740b9-b97c-40e2-984b-93cd0e72014c}</UniqueIdentifier>
    </Filter>
    <Filter Include="Source Files\crypto">
      <UniqueIdentifier>{9fa5de6a-8d09-4ccd-bca7-19b4266cf44f}</UniqueIdentifier>
    </Filter>
    <Filter Include="Source Files\openssl">
      <UniqueIdentifier>{4b150080-8840-4b6b-a13e-01bda695ef98}</UniqueIdentifier>
    </Filter>
    <Filter Include="Source Files\json">
      <UniqueIdentifier>{3f6a7767-9c31-4ad0-abd6-688270cf645e}</UniqueIdentifier>
    </Filter>
    <Filter Include="Source Files\xpushthrough">
      <UniqueIdentifier>{22f01672-8427-4caf-9a45-bee81ee4fcb0}</UniqueIdentifier>
    </Filter>
    <Filter Include="Source Files\jhbignum">
      <UniqueIdentifier>{46a23f78-bd61-43e1-b382-2077d3389f39}</UniqueIdentifier>
    </Filter>
    <Filter Include="Header Files">
      <UniqueIdentifier>{93995380-89BD-4b04-88EB-625FBE52EBFB}</UniqueIdentifier>
      <Extensions>h;hpp;hxx;hm;inl;inc;xsd</Extensions>
    </Filter>
    <Filter Include="Resource Files">
      <UniqueIdentifier>{67DA6AB6-F800-4c08-8B7A-83BB121AAD01}</UniqueIdentifier>
      <Extensions>rc;ico;cur;bmp;dlg;rc2;rct;bin;rgs;gif;jpg;jpeg;jpe;resx;tiff;tif;png;wav</Extensions>
    </Filter>
  </ItemGroup>
  <ItemGroup>
    <ClCompile Include="bn2.cpp">
      <Filter>Source Files</Filter>
    </ClCompile>
    <ClCompile Include="bn2_div.cpp">
      <Filter>Source Files</Filter>
    </ClCompile>
    <ClCompile Include="main.cpp">
      <Filter>Source Files</Filter>
    </ClCompile>
    <ClCompile Include="miner.cpp">
      <Filter>Source Files</Filter>
    </ClCompile>
    <ClCompile Include="jhlib\bmp.cpp">
      <Filter>Source Files\jhlib</Filter>
    </ClCompile>
    <ClCompile Include="jhlib\customBuffer.cpp">
      <Filter>Source Files\jhlib</Filter>
    </ClCompile>
    <ClCompile Include="jhlib\fastSorter.cpp">
      <Filter>Source Files\jhlib</Filter>
    </ClCompile>
    <ClCompile Include="jhlib\fastString.cpp">
      <Filter>Source Files\jhlib</Filter>
    </ClCompile>
    <ClCompile Include="jhlib\fastString_eprintf.cpp">
      <Filter>Source Files\jhlib</Filter>
    </ClCompile>
    <ClCompile Include="jhlib\fileMgr.cpp">
      <Filter>Source Files\jhlib</Filter>
    </ClCompile>
    <ClCompile Include="jhlib\fMath.cpp">
      <Filter>Source Files\jhlib</Filter>
    </ClCompile>
    <ClCompile Include="jhlib\hashTable_uint32.cpp">
      <Filter>Source Files\jhlib</Filter>
    </ClCompile>
    <ClCompile Include="jhlib\msgQueue.cpp">
      <Filter>Source Files\jhlib</Filter>
    </ClCompile>
    <ClCompile Include="jhlib\packetBuffer.cpp">
      <Filter>Source Files\jhlib</Filter>
    </ClCompile>
    <ClCompile Include="jhlib\perlinNoise.cpp">
      <Filter>Source Files\jhlib</Filter>
    </ClCompile>
    <ClCompile Include="jhlib\sData.cpp">
      <Filter>Source Files\jhlib</Filter>
    </ClCompile>
    <ClCompile Include="jhlib\simpleHTTP.cpp">
      <Filter>Source Files\jhlib</Filter>
    </ClCompile>
    <ClCompile Include="jhlib\simpleList.cpp">
      <Filter>Source Files\jhlib</Filter>
    </ClCompile>
    <ClCompile Include="jhlib\streamWrapper.cpp">
      <Filter>Source Files\jhlib</Filter>
    </ClCompile>
    <ClCompile Include="jhlib\tgaLib.cpp">
      <Filter>Source Files\jhlib</Filter>
    </ClCompile>
    <ClCompile Include="ripemd160.cpp">
      <Filter>Source Files\crypto</Filter>
    </ClCompile>
    <ClCompile Include="sha256.cpp">
      <Filter>Source Files\crypto</Filter>
    </ClCompile>
    <ClCompile Include="includes\openssl\applink.c">
      <Filter>Source Files\openssl</Filter>
    </ClCompile>
    <ClCompile Include="jsonBuilder.cpp">
      <Filter>Source Files\json</Filter>
    </ClCompile>
    <ClCompile Include="jsonClient.cpp">
      <Filter>Source Files\json</Filter>
    </ClCompile>
    <ClCompile Include="jsonObject.cpp">
      <Filter>Source Files\json</Filter>
    </ClCompile>
    <ClCompile Include="jsonParser.cpp">
      <Filter>Source Files\json</Filter>
    </ClCompile>
    <ClCompile Include="jsonrpc.cpp">
      <Filter>Source Files\json</Filter>
    </ClCompile>
    <ClCompile Include="xptClient.cpp">
      <Filter>Source Files\xpushthrough</Filter>
    </ClCompile>
    <ClCompile Include="xptClientPacketHandler.cpp">
      <Filter>Source Files\xpushthrough</Filter>
    </ClCompile>
    <ClCompile Include="xptPacketbuffer.cpp">
      <Filter>Source Files\xpushthrough</Filter>
    </ClCompile>
    <ClCompile Include="xptServer.cpp">
      <Filter>Source Files\xpushthrough</Filter>
    </ClCompile>
    <ClCompile Include="xptServerPacketHandler.cpp">
      <Filter>Source Files\xpushthrough</Filter>
    </ClCompile>
    <ClCompile Include="prime.cpp">
      <Filter>Source Files</Filter>
    </ClCompile>
  </ItemGroup>
  <ItemGroup>
    <ClInclude Include="bignum2.h">
      <Filter>Source Files\bignum</Filter>
    </ClInclude>
    <ClInclude Include="uint256.h">
      <Filter>Source Files\bignum</Filter>
    </ClInclude>
    <ClInclude Include="jhlib\bmp.h">
      <Filter>Source Files\jhlib</Filter>
    </ClInclude>
    <ClInclude Include="jhlib\customBuffer.h">
      <Filter>Source Files\jhlib</Filter>
    </ClInclude>
    <ClInclude Include="jhlib\fastSorter.h">
      <Filter>Source Files\jhlib</Filter>
    </ClInclude>
    <ClInclude Include="jhlib\fastString.h">
      <Filter>Source Files\jhlib</Filter>
    </ClInclude>
    <ClInclude Include="jhlib\fileMgr.h">
      <Filter>Source Files\jhlib</Filter>
    </ClInclude>
    <ClInclude Include="jhlib\fMath.h">
      <Filter>Source Files\jhlib</Filter>
    </ClInclude>
    <ClInclude Include="jhlib\hashTable.h">
      <Filter>Source Files\jhlib</Filter>
    </ClInclude>
    <ClInclude Include="jhlib\JHLib.h">
      <Filter>Source Files\jhlib</Filter>
    </ClInclude>
    <ClInclude Include="jhlib\msgQueue.h">
      <Filter>Source Files\jhlib</Filter>
    </ClInclude>
    <ClInclude Include="jhlib\packetBuffer.h">
      <Filter>Source Files\jhlib</Filter>
    </ClInclude>
    <ClInclude Include="jhlib\sData.h">
      <Filter>Source Files\jhlib</Filter>
    </ClInclude>
    <ClInclude Include="jhlib\simpleHTTP.h">
      <Filter>Source Files\jhlib</Filter>
    </ClInclude>
    <ClInclude Include="jhlib\simpleList.h">
      <Filter>Source Files\jhlib</Filter>
    </ClInclude>
    <ClInclude Include="jhlib\streamWrapper.h">
      <Filter>Source Files\jhlib</Filter>
    </ClInclude>
    <ClInclude Include="jhlib\tgaLib.h">
      <Filter>Source Files\jhlib</Filter>
    </ClInclude>
    <ClInclude Include="ripemd160.h">
      <Filter>Source Files\crypto</Filter>
    </ClInclude>
    <ClInclude Include="sha256.h">
      <Filter>Source Files\crypto</Filter>
    </ClInclude>
    <ClInclude Include="includes\openssl\aes.h">
      <Filter>Source Files\openssl</Filter>
    </ClInclude>
    <ClInclude Include="includes\openssl\asn1.h">
      <Filter>Source Files\openssl</Filter>
    </ClInclude>
    <ClInclude Include="includes\openssl\asn1_mac.h">
      <Filter>Source Files\openssl</Filter>
    </ClInclude>
    <ClInclude Include="includes\openssl\asn1t.h">
      <Filter>Source Files\openssl</Filter>
    </ClInclude>
    <ClInclude Include="includes\openssl\bio.h">
      <Filter>Source Files\openssl</Filter>
    </ClInclude>
    <ClInclude Include="includes\openssl\blowfish.h">
      <Filter>Source Files\openssl</Filter>
    </ClInclude>
    <ClInclude Include="includes\openssl\bn.h">
      <Filter>Source Files\openssl</Filter>
    </ClInclude>
    <ClInclude Include="includes\openssl\buffer.h">
      <Filter>Source Files\openssl</Filter>
    </ClInclude>
    <ClInclude Include="includes\openssl\camellia.h">
      <Filter>Source Files\openssl</Filter>
    </ClInclude>
    <ClInclude Include="includes\openssl\cast.h">
      <Filter>Source Files\openssl</Filter>
    </ClInclude>
    <ClInclude Include="includes\openssl\cmac.h">
      <Filter>Source Files\openssl</Filter>
    </ClInclude>
    <ClInclude Include="includes\openssl\cms.h">
      <Filter>Source Files\openssl</Filter>
    </ClInclude>
    <ClInclude Include="includes\openssl\comp.h">
      <Filter>Source Files\openssl</Filter>
    </ClInclude>
    <ClInclude Include="includes\openssl\conf.h">
      <Filter>Source Files\openssl</Filter>
    </ClInclude>
    <ClInclude Include="includes\openssl\conf_api.h">
      <Filter>Source Files\openssl</Filter>
    </ClInclude>
    <ClInclude Include="includes\openssl\crypto.h">
      <Filter>Source Files\openssl</Filter>
    </ClInclude>
    <ClInclude Include="includes\openssl\des.h">
      <Filter>Source Files\openssl</Filter>
    </ClInclude>
    <ClInclude Include="includes\openssl\des_old.h">
      <Filter>Source Files\openssl</Filter>
    </ClInclude>
    <ClInclude Include="includes\openssl\dh.h">
      <Filter>Source Files\openssl</Filter>
    </ClInclude>
    <ClInclude Include="includes\openssl\dsa.h">
      <Filter>Source Files\openssl</Filter>
    </ClInclude>
    <ClInclude Include="includes\openssl\dso.h">
      <Filter>Source Files\openssl</Filter>
    </ClInclude>
    <ClInclude Include="includes\openssl\dtls1.h">
      <Filter>Source Files\openssl</Filter>
    </ClInclude>
    <ClInclude Include="includes\openssl\e_os2.h">
      <Filter>Source Files\openssl</Filter>
    </ClInclude>
    <ClInclude Include="includes\openssl\ebcdic.h">
      <Filter>Source Files\openssl</Filter>
    </ClInclude>
    <ClInclude Include="includes\openssl\ec.h">
      <Filter>Source Files\openssl</Filter>
    </ClInclude>
    <ClInclude Include="includes\openssl\ecdh.h">
      <Filter>Source Files\openssl</Filter>
    </ClInclude>
    <ClInclude Include="includes\openssl\ecdsa.h">
      <Filter>Source Files\openssl</Filter>
    </ClInclude>
    <ClInclude Include="includes\openssl\engine.h">
      <Filter>Source Files\openssl</Filter>
    </ClInclude>
    <ClInclude Include="includes\openssl\err.h">
      <Filter>Source Files\openssl</Filter>
    </ClInclude>
    <ClInclude Include="includes\openssl\evp.h">
      <Filter>Source Files\openssl</Filter>
    </ClInclude>
    <ClInclude Include="includes\openssl\hmac.h">
      <Filter>Source Files\openssl</Filter>
    </ClInclude>
    <ClInclude Include="includes\openssl\idea.h">
      <Filter>Source Files\openssl</Filter>
    </ClInclude>
    <ClInclude Include="includes\openssl\krb5_asn.h">
      <Filter>Source Files\openssl</Filter>
    </ClInclude>
    <ClInclude Include="includes\openssl\kssl.h">
      <Filter>Source Files\openssl</Filter>
    </ClInclude>
    <ClInclude Include="includes\openssl\lhash.h">
      <Filter>Source Files\openssl</Filter>
    </ClInclude>
    <ClInclude Include="includes\openssl\md4.h">
      <Filter>Source Files\openssl</Filter>
    </ClInclude>
    <ClInclude Include="includes\openssl\md5.h">
      <Filter>Source Files\openssl</Filter>
    </ClInclude>
    <ClInclude Include="includes\openssl\mdc2.h">
      <Filter>Source Files\openssl</Filter>
    </ClInclude>
    <ClInclude Include="includes\openssl\modes.h">
      <Filter>Source Files\openssl</Filter>
    </ClInclude>
    <ClInclude Include="includes\openssl\obj_mac.h">
      <Filter>Source Files\openssl</Filter>
    </ClInclude>
    <ClInclude Include="includes\openssl\objects.h">
      <Filter>Source Files\openssl</Filter>
    </ClInclude>
    <ClInclude Include="includes\openssl\ocsp.h">
      <Filter>Source Files\openssl</Filter>
    </ClInclude>
    <ClInclude Include="includes\openssl\opensslconf.h">
      <Filter>Source Files\openssl</Filter>
    </ClInclude>
    <ClInclude Include="includes\openssl\opensslv.h">
      <Filter>Source Files\openssl</Filter>
    </ClInclude>
    <ClInclude Include="includes\openssl\ossl_typ.h">
      <Filter>Source Files\openssl</Filter>
    </ClInclude>
    <ClInclude Include="includes\openssl\pem.h">
      <Filter>Source Files\openssl</Filter>
    </ClInclude>
    <ClInclude Include="includes\openssl\pem2.h">
      <Filter>Source Files\openssl</Filter>
    </ClInclude>
    <ClInclude Include="includes\openssl\pkcs12.h">
      <Filter>Source Files\openssl</Filter>
    </ClInclude>
    <ClInclude Include="includes\openssl\pkcs7.h">
      <Filter>Source Files\openssl</Filter>
    </ClInclude>
    <ClInclude Include="includes\openssl\pqueue.h">
      <Filter>Source Files\openssl</Filter>
    </ClInclude>
    <ClInclude Include="includes\openssl\rand.h">
      <Filter>Source Files\openssl</Filter>
    </ClInclude>
    <ClInclude Include="includes\openssl\rc2.h">
      <Filter>Source Files\openssl</Filter>
    </ClInclude>
    <ClInclude Include="includes\openssl\rc4.h">
      <Filter>Source Files\openssl</Filter>
    </ClInclude>
    <ClInclude Include="includes\openssl\ripemd.h">
      <Filter>Source Files\openssl</Filter>
    </ClInclude>
    <ClInclude Include="includes\openssl\rsa.h">
      <Filter>Source Files\openssl</Filter>
    </ClInclude>
    <ClInclude Include="includes\openssl\safestack.h">
      <Filter>Source Files\openssl</Filter>
    </ClInclude>
    <ClInclude Include="includes\openssl\seed.h">
      <Filter>Source Files\openssl</Filter>
    </ClInclude>
    <ClInclude Include="includes\openssl\sha.h">
      <Filter>Source Files\openssl</Filter>
    </ClInclude>
    <ClInclude Include="includes\openssl\srp.h">
      <Filter>Source Files\openssl</Filter>
    </ClInclude>
    <ClInclude Include="includes\openssl\srtp.h">
      <Filter>Source Files\openssl</Filter>
    </ClInclude>
    <ClInclude Include="includes\openssl\ssl.h">
      <Filter>Source Files\openssl</Filter>
    </ClInclude>
    <ClInclude Include="includes\openssl\ssl2.h">
      <Filter>Source Files\openssl</Filter>
    </ClInclude>
    <ClInclude Include="includes\openssl\ssl23.h">
      <Filter>Source Files\openssl</Filter>
    </ClInclude>
    <ClInclude Include="includes\openssl\ssl3.h">
      <Filter>Source Files\openssl</Filter>
    </ClInclude>
    <ClInclude Include="includes\openssl\stack.h">
      <Filter>Source Files\openssl</Filter>
    </ClInclude>
    <ClInclude Include="includes\openssl\symhacks.h">
      <Filter>Source Files\openssl</Filter>
    </ClInclude>
    <ClInclude Include="includes\openssl\tls1.h">
      <Filter>Source Files\openssl</Filter>
    </ClInclude>
    <ClInclude Include="includes\openssl\ts.h">
      <Filter>Source Files\openssl</Filter>
    </ClInclude>
    <ClInclude Include="includes\openssl\txt_db.h">
      <Filter>Source Files\openssl</Filter>
    </ClInclude>
    <ClInclude Include="includes\openssl\ui.h">
      <Filter>Source Files\openssl</Filter>
    </ClInclude>
    <ClInclude Include="includes\openssl\ui_compat.h">
      <Filter>Source Files\openssl</Filter>
    </ClInclude>
    <ClInclude Include="includes\openssl\whrlpool.h">
      <Filter>Source Files\openssl</Filter>
    </ClInclude>
    <ClInclude Include="includes\openssl\x509.h">
      <Filter>Source Files\openssl</Filter>
    </ClInclude>
    <ClInclude Include="includes\openssl\x509_vfy.h">
      <Filter>Source Files\openssl</Filter>
    </ClInclude>
    <ClInclude Include="includes\openssl\x509v3.h">
      <Filter>Source Files\openssl</Filter>
    </ClInclude>
    <ClInclude Include="jsonrpc.h">
      <Filter>Source Files\json</Filter>
    </ClInclude>
    <ClInclude Include="xptClient.h">
      <Filter>Source Files\xpushthrough</Filter>
    </ClInclude>
    <ClInclude Include="xptServer.h">
      <Filter>Source Files\xpushthrough</Filter>
    </ClInclude>
    <ClInclude Include="prime.h">
      <Filter>Header Files</Filter>
    </ClInclude>
    <ClInclude Include="mpir.h">
      <Filter>Header Files</Filter>
    </ClInclude>
    <ClInclude Include="global.h">
      <Filter>Header Files</Filter>
    </ClInclude>
    <ClInclude Include="mpirxx.h">
      <Filter>Header Files</Filter>
    </ClInclude>
  </ItemGroup>
</Project>